<?xml version="1.0" encoding="utf-8"?>
<Project ToolsVersion="4.0" xmlns="http://schemas.microsoft.com/developer/msbuild/2003">
  <ItemGroup>
    <Filter Include="Source Files">
      <UniqueIdentifier>{4FC737F1-C7A5-4376-A066-2A32D752A2FF}</UniqueIdentifier>
      <Extensions>cpp;c;cc;cxx;def;odl;idl;hpj;bat;asm;asmx</Extensions>
    </Filter>
    <Filter Include="Header Files">
      <UniqueIdentifier>{93995380-89BD-4b04-88EB-625FBE52EBFB}</UniqueIdentifier>
      <Extensions>h;hh;hpp;hxx;hm;inl;inc;ipp;xsd</Extensions>
    </Filter>
    <Filter Include="Resource Files">
      <UniqueIdentifier>{67DA6AB6-F800-4c08-8B7A-83BB121AAD01}</UniqueIdentifier>
      <Extensions>rc;ico;cur;bmp;dlg;rc2;rct;bin;rgs;gif;jpg;jpeg;jpe;resx;tiff;tif;png;wav;mfcribbon-ms</Extensions>
    </Filter>
  </ItemGroup>
  <ItemGroup>
    <ClCompile Include="src\Tmp\Test.cpp">
      <Filter>Source Files</Filter>
    </ClCompile>
    <ClCompile Include="src\pch.cpp">
      <Filter>Source Files</Filter>
    </ClCompile>
    <ClCompile Include="src\debug\log.cpp">
      <Filter>Source Files</Filter>
    </ClCompile>
    <ClCompile Include="src\core\client.cpp">
      <Filter>Source Files</Filter>
    </ClCompile>
    <ClCompile Include="src\core\layer.cpp">
      <Filter>Source Files</Filter>
    </ClCompile>
    <ClCompile Include="src\core\window.cpp">
      <Filter>Source Files</Filter>
    </ClCompile>
    <ClCompile Include="src\core\event.cpp">
      <Filter>Source Files</Filter>
    </ClCompile>
    <ClCompile Include="src\render\renderer.cpp">
      <Filter>Source Files</Filter>
    </ClCompile>
    <ClCompile Include="src\render\device.cpp">
      <Filter>Source Files</Filter>
    </ClCompile>
    <ClCompile Include="src\render\swapchain.cpp">
      <Filter>Source Files</Filter>
    </ClCompile>
    <ClCompile Include="src\render\graphics_pipeline.cpp">
      <Filter>Source Files</Filter>
    </ClCompile>
    <ClCompile Include="src\render\shader_library.cpp">
      <Filter>Source Files</Filter>
    </ClCompile>
    <ClCompile Include="src\render\memory.cpp">
      <Filter>Source Files</Filter>
    </ClCompile>
  </ItemGroup>
  <ItemGroup>
    <ClInclude Include="include\spiral.hpp">
      <Filter>Header Files</Filter>
    </ClInclude>
    <ClInclude Include="src\Tmp\Test.hpp">
      <Filter>Header Files</Filter>
    </ClInclude>
    <ClInclude Include="include\pch.hpp">
      <Filter>Header Files</Filter>
    </ClInclude>
    <ClInclude Include="include\Spiral\debug\log.hpp">
      <Filter>Header Files</Filter>
    </ClInclude>
    <ClInclude Include="include\Spiral\Render\shader_internal.hpp">
      <Filter>Header Files</Filter>
    </ClInclude>
    <ClInclude Include="include\Spiral\core\core.hpp">
      <Filter>Header Files</Filter>
    </ClInclude>
    <ClInclude Include="include\Spiral\core\client.hpp">
      <Filter>Header Files</Filter>
    </ClInclude>
    <ClInclude Include="include\Spiral\core\entry_point.hpp">
      <Filter>Header Files</Filter>
    </ClInclude>
    <ClInclude Include="include\Spiral\core\layer.hpp">
      <Filter>Header Files</Filter>
    </ClInclude>
    <ClInclude Include="include\Spiral\core\window.hpp">
      <Filter>Header Files</Filter>
    </ClInclude>
    <ClInclude Include="include\Spiral\Core\window_internal.hpp">
      <Filter>Header Files</Filter>
    </ClInclude>
    <ClInclude Include="include\Spiral\core\event.hpp">
      <Filter>Header Files</Filter>
    </ClInclude>
    <ClInclude Include="include\Spiral\Render\renderer.hpp">
      <Filter>Header Files</Filter>
    </ClInclude>
    <ClInclude Include="include\Spiral\Render\renderer_internal.hpp">
      <Filter>Header Files</Filter>
    </ClInclude>
    <ClInclude Include="include\Spiral\Render\device.hpp">
      <Filter>Header Files</Filter>
    </ClInclude>
    <ClInclude Include="include\Spiral\Render\render_core.hpp">
      <Filter>Header Files</Filter>
    </ClInclude>
    <ClInclude Include="include\Spiral\Render\swapchain.hpp">
      <Filter>Header Files</Filter>
    </ClInclude>
    <ClInclude Include="include\Spiral\Render\graphics_pipeline.hpp">
      <Filter>Header Files</Filter>
    </ClInclude>
    <ClInclude Include="include\Spiral\Render\shader_library.hpp">
      <Filter>Header Files</Filter>
    </ClInclude>
    <ClInclude Include="include\Spiral\Render\buffer_layout.hpp">
      <Filter>Header Files</Filter>
    </ClInclude>
    <ClInclude Include="include\Spiral\Render\mesh.hpp">
      <Filter>Header Files</Filter>
    </ClInclude>
    <ClInclude Include="include\Spiral\Render\shader.hpp">
      <Filter>Header Files</Filter>
    </ClInclude>
    <ClInclude Include="include\Spiral\Render\memory.hpp">
      <Filter>Header Files</Filter>
    </ClInclude>
  </ItemGroup>
</Project>